<?xml version="1.0" encoding="utf-8"?>
<Project ToolsVersion="4.0" xmlns="http://schemas.microsoft.com/developer/msbuild/2003">
  <ItemGroup>
    <Filter Include="Source Files">
      <UniqueIdentifier>{4FC737F1-C7A5-4376-A066-2A32D752A2FF}</UniqueIdentifier>
      <Extensions>cpp;c;cc;cxx;def;odl;idl;hpj;bat;asm;asmx</Extensions>
    </Filter>
    <Filter Include="Header Files">
      <UniqueIdentifier>{93995380-89BD-4b04-88EB-625FBE52EBFB}</UniqueIdentifier>
      <Extensions>h;hh;hpp;hxx;hm;inl;inc;xsd</Extensions>
    </Filter>
    <Filter Include="Resource Files">
      <UniqueIdentifier>{67DA6AB6-F800-4c08-8B7A-83BB121AAD01}</UniqueIdentifier>
      <Extensions>rc;ico;cur;bmp;dlg;rc2;rct;bin;rgs;gif;jpg;jpeg;jpe;resx;tiff;tif;png;wav;mfcribbon-ms</Extensions>
    </Filter>
    <Filter Include="core">
      <UniqueIdentifier>{b3543a01-ab63-446b-a16c-dd63b9dfb2a8}</UniqueIdentifier>
    </Filter>
    <Filter Include="win">
      <UniqueIdentifier>{d4fa1903-46b4-4994-8472-582da3fbe599}</UniqueIdentifier>
    </Filter>
    <Filter Include="extra">
      <UniqueIdentifier>{84618a27-014e-4970-816d-dac8dda1e6a0}</UniqueIdentifier>
    </Filter>
  </ItemGroup>
  <ItemGroup>
    <ClCompile Include="event.c">
      <Filter>core</Filter>
    </ClCompile>
    <ClCompile Include="bufferevent.c">
      <Filter>core</Filter>
    </ClCompile>
    <ClCompile Include="buffer.c">
      <Filter>core</Filter>
    </ClCompile>
    <ClCompile Include="bufferevent_sock.c">
      <Filter>core</Filter>
    </ClCompile>
    <ClCompile Include="bufferevent_pair.c">
      <Filter>core</Filter>
    </ClCompile>
    <ClCompile Include="listener.c">
      <Filter>core</Filter>
    </ClCompile>
    <ClCompile Include="evmap.c">
      <Filter>core</Filter>
    </ClCompile>
    <ClCompile Include="log.c">
      <Filter>core</Filter>
    </ClCompile>
    <ClCompile Include="evutil.c">
      <Filter>core</Filter>
    </ClCompile>
    <ClCompile Include="signal.c">
      <Filter>core</Filter>
    </ClCompile>
    <ClCompile Include="strlcpy.c">
      <Filter>core</Filter>
    </ClCompile>
    <ClCompile Include="bufferevent_filter.c">
      <Filter>core</Filter>
    </ClCompile>
    <ClCompile Include="evthread.c">
      <Filter>core</Filter>
    </ClCompile>
    <ClCompile Include="bufferevent_ratelim.c">
      <Filter>core</Filter>
    </ClCompile>
    <ClCompile Include="evutil_rand.c">
      <Filter>core</Filter>
    </ClCompile>
    <ClCompile Include="win32select.c">
      <Filter>win</Filter>
    </ClCompile>
    <ClCompile Include="evthread_win32.c">
      <Filter>win</Filter>
    </ClCompile>
    <ClCompile Include="buffer_iocp.c">
      <Filter>win</Filter>
    </ClCompile>
    <ClCompile Include="event_iocp.c">
      <Filter>win</Filter>
    </ClCompile>
    <ClCompile Include="bufferevent_async.c">
      <Filter>win</Filter>
    </ClCompile>
    <ClCompile Include="event_tagging.c">
      <Filter>extra</Filter>
    </ClCompile>
    <ClCompile Include="http.c">
      <Filter>extra</Filter>
    </ClCompile>
    <ClCompile Include="evdns.c">
      <Filter>extra</Filter>
    </ClCompile>
    <ClCompile Include="evrpc.c">
      <Filter>extra</Filter>
    </ClCompile>
  </ItemGroup>
  <ItemGroup>
    <ClInclude Include="event.h">
      <Filter>core</Filter>
    </ClInclude>
    <ClInclude Include="evutil.h">
      <Filter>core</Filter>
    </ClInclude>
    <ClInclude Include="evdns.h">
      <Filter>extra</Filter>
    </ClInclude>
    <ClInclude Include="evrpc.h">
      <Filter>extra</Filter>
    </ClInclude>
  </ItemGroup>
</Project>