
Microsoft Visual Studio Solution File, Format Version 11.00
# Visual Studio 2010
Project("{8BC9CEB8-8B4A-11D0-8D11-00A0C91BC942}") = "log4cplus", "libs\Win32\log4cplus.vcxproj", "{917836A4-0DDC-47BE-B930-1B3BFDF6C940}"
EndProject
Project("{8BC9CEB8-8B4A-11D0-8D11-00A0C91BC942}") = "testlibxml", "test\testlibxml\testlibxml.vcxproj", "{6B2FCEAF-0A3C-4DE7-BB4E-F384EC3BC143}"
EndProject
Project("{8BC9CEB8-8B4A-11D0-8D11-00A0C91BC942}") = "testsmscmxl", "test\testsmscmxl\testsmscmxl.vcxproj", "{37854432-9C4D-4430-987F-4E6B35516887}"
	ProjectSection(ProjectDependencies) = postProject
		{D851713A-9D32-4693-89F5-B2ED52FEFEDB} = {D851713A-9D32-4693-89F5-B2ED52FEFEDB}
	EndProjectSection
EndProject
Project("{8BC9CEB8-8B4A-11D0-8D11-00A0C91BC942}") = "testlibxmlpath", "test\testlibxmlpath\testlibxmlpath.vcxproj", "{4261E1AA-A00C-43FD-8CAC-C30770094061}"
	ProjectSection(ProjectDependencies) = postProject
		{D851713A-9D32-4693-89F5-B2ED52FEFEDB} = {D851713A-9D32-4693-89F5-B2ED52FEFEDB}
		{917836A4-0DDC-47BE-B930-1B3BFDF6C940} = {917836A4-0DDC-47BE-B930-1B3BFDF6C940}
	EndProjectSection
EndProject
Project("{8BC9CEB8-8B4A-11D0-8D11-00A0C91BC942}") = "testJS", "test\testJS\testJS.vcxproj", "{B3DDB095-F19A-4E87-B38B-E795F03BE598}"
	ProjectSection(ProjectDependencies) = postProject
		{917836A4-0DDC-47BE-B930-1B3BFDF6C940} = {917836A4-0DDC-47BE-B930-1B3BFDF6C940}
	EndProjectSection
EndProject
Project("{8BC9CEB8-8B4A-11D0-8D11-00A0C91BC942}") = "chilli", "chilli\chilli.vcxproj", "{61C9D508-31EC-4BE4-8CC6-EF59BFA2C068}"
	ProjectSection(ProjectDependencies) = postProject
		{D851713A-9D32-4693-89F5-B2ED52FEFEDB} = {D851713A-9D32-4693-89F5-B2ED52FEFEDB}
	EndProjectSection
EndProject
Project("{8BC9CEB8-8B4A-11D0-8D11-00A0C91BC942}") = "FSM", "libs\FSM\FSM.vcxproj", "{D851713A-9D32-4693-89F5-B2ED52FEFEDB}"
EndProject
Global
	GlobalSection(SolutionConfigurationPlatforms) = preSolution
		Debug with ICU|Win32 = Debug with ICU|Win32
		Debug with ICU|x64 = Debug with ICU|x64
		Debug_Unicode|Win32 = Debug_Unicode|Win32
		Debug_Unicode|x64 = Debug_Unicode|x64
		Debug|Win32 = Debug|Win32
		Debug|x64 = Debug|x64
		ICU Debug|Win32 = ICU Debug|Win32
		ICU Debug|x64 = ICU Debug|x64
		ICU Release|Win32 = ICU Release|Win32
		ICU Release|x64 = ICU Release|x64
		Release with ICU|Win32 = Release with ICU|Win32
		Release with ICU|x64 = Release with ICU|x64
		Release_Unicode|Win32 = Release_Unicode|Win32
		Release_Unicode|x64 = Release_Unicode|x64
		Release|Win32 = Release|Win32
		Release|x64 = Release|x64
		Static Debug|Win32 = Static Debug|Win32
		Static Debug|x64 = Static Debug|x64
		Static Release|Win32 = Static Release|Win32
		Static Release|x64 = Static Release|x64
	EndGlobalSection
	GlobalSection(ProjectConfigurationPlatforms) = postSolution
		{917836A4-0DDC-47BE-B930-1B3BFDF6C940}.Debug with ICU|Win32.ActiveCfg = Debug|x64
		{917836A4-0DDC-47BE-B930-1B3BFDF6C940}.Debug with ICU|x64.ActiveCfg = Debug|x64
		{917836A4-0DDC-47BE-B930-1B3BFDF6C940}.Debug with ICU|x64.Build.0 = Debug|x64
		{917836A4-0DDC-47BE-B930-1B3BFDF6C940}.Debug_Unicode|Win32.ActiveCfg = Debug_Unicode|Win32
		{917836A4-0DDC-47BE-B930-1B3BFDF6C940}.Debug_Unicode|Win32.Build.0 = Debug_Unicode|Win32
		{917836A4-0DDC-47BE-B930-1B3BFDF6C940}.Debug_Unicode|x64.ActiveCfg = Debug_Unicode|x64
		{917836A4-0DDC-47BE-B930-1B3BFDF6C940}.Debug_Unicode|x64.Build.0 = Debug_Unicode|x64
		{917836A4-0DDC-47BE-B930-1B3BFDF6C940}.Debug|Win32.ActiveCfg = Debug|Win32
		{917836A4-0DDC-47BE-B930-1B3BFDF6C940}.Debug|Win32.Build.0 = Debug|Win32
		{917836A4-0DDC-47BE-B930-1B3BFDF6C940}.Debug|x64.ActiveCfg = Debug|x64
		{917836A4-0DDC-47BE-B930-1B3BFDF6C940}.Debug|x64.Build.0 = Debug|x64
		{917836A4-0DDC-47BE-B930-1B3BFDF6C940}.ICU Debug|Win32.ActiveCfg = Debug|Win32
		{917836A4-0DDC-47BE-B930-1B3BFDF6C940}.ICU Debug|Win32.Build.0 = Debug|Win32
		{917836A4-0DDC-47BE-B930-1B3BFDF6C940}.ICU Debug|x64.ActiveCfg = Debug|x64
		{917836A4-0DDC-47BE-B930-1B3BFDF6C940}.ICU Debug|x64.Build.0 = Debug|x64
		{917836A4-0DDC-47BE-B930-1B3BFDF6C940}.ICU Release|Win32.ActiveCfg = Release|Win32
		{917836A4-0DDC-47BE-B930-1B3BFDF6C940}.ICU Release|Win32.Build.0 = Release|Win32
		{917836A4-0DDC-47BE-B930-1B3BFDF6C940}.ICU Release|x64.ActiveCfg = Release|x64
		{917836A4-0DDC-47BE-B930-1B3BFDF6C940}.ICU Release|x64.Build.0 = Release|x64
		{917836A4-0DDC-47BE-B930-1B3BFDF6C940}.Release with ICU|Win32.ActiveCfg = Release|x64
		{917836A4-0DDC-47BE-B930-1B3BFDF6C940}.Release with ICU|x64.ActiveCfg = Release|x64
		{917836A4-0DDC-47BE-B930-1B3BFDF6C940}.Release with ICU|x64.Build.0 = Release|x64
		{917836A4-0DDC-47BE-B930-1B3BFDF6C940}.Release_Unicode|Win32.ActiveCfg = Release_Unicode|Win32
		{917836A4-0DDC-47BE-B930-1B3BFDF6C940}.Release_Unicode|Win32.Build.0 = Release_Unicode|Win32
		{917836A4-0DDC-47BE-B930-1B3BFDF6C940}.Release_Unicode|x64.ActiveCfg = Release_Unicode|x64
		{917836A4-0DDC-47BE-B930-1B3BFDF6C940}.Release_Unicode|x64.Build.0 = Release_Unicode|x64
		{917836A4-0DDC-47BE-B930-1B3BFDF6C940}.Release|Win32.ActiveCfg = Release|Win32
		{917836A4-0DDC-47BE-B930-1B3BFDF6C940}.Release|Win32.Build.0 = Release|Win32
		{917836A4-0DDC-47BE-B930-1B3BFDF6C940}.Release|x64.ActiveCfg = Release|x64
		{917836A4-0DDC-47BE-B930-1B3BFDF6C940}.Release|x64.Build.0 = Release|x64
		{917836A4-0DDC-47BE-B930-1B3BFDF6C940}.Static Debug|Win32.ActiveCfg = Debug|Win32
		{917836A4-0DDC-47BE-B930-1B3BFDF6C940}.Static Debug|Win32.Build.0 = Debug|Win32
		{917836A4-0DDC-47BE-B930-1B3BFDF6C940}.Static Debug|x64.ActiveCfg = Debug|x64
		{917836A4-0DDC-47BE-B930-1B3BFDF6C940}.Static Debug|x64.Build.0 = Debug|x64
		{917836A4-0DDC-47BE-B930-1B3BFDF6C940}.Static Release|Win32.ActiveCfg = Release|Win32
		{917836A4-0DDC-47BE-B930-1B3BFDF6C940}.Static Release|Win32.Build.0 = Release|Win32
		{917836A4-0DDC-47BE-B930-1B3BFDF6C940}.Static Release|x64.ActiveCfg = Release|x64
		{917836A4-0DDC-47BE-B930-1B3BFDF6C940}.Static Release|x64.Build.0 = Release|x64
		{6B2FCEAF-0A3C-4DE7-BB4E-F384EC3BC143}.Debug with ICU|Win32.ActiveCfg = Debug|Win32
		{6B2FCEAF-0A3C-4DE7-BB4E-F384EC3BC143}.Debug with ICU|Win32.Build.0 = Debug|Win32
		{6B2FCEAF-0A3C-4DE7-BB4E-F384EC3BC143}.Debug with ICU|x64.ActiveCfg = Debug|Win32
		{6B2FCEAF-0A3C-4DE7-BB4E-F384EC3BC143}.Debug_Unicode|Win32.ActiveCfg = Debug|Win32
		{6B2FCEAF-0A3C-4DE7-BB4E-F384EC3BC143}.Debug_Unicode|Win32.Build.0 = Debug|Win32
		{6B2FCEAF-0A3C-4DE7-BB4E-F384EC3BC143}.Debug_Unicode|x64.ActiveCfg = Debug|Win32
		{6B2FCEAF-0A3C-4DE7-BB4E-F384EC3BC143}.Debug|Win32.ActiveCfg = Debug|Win32
		{6B2FCEAF-0A3C-4DE7-BB4E-F384EC3BC143}.Debug|Win32.Build.0 = Debug|Win32
		{6B2FCEAF-0A3C-4DE7-BB4E-F384EC3BC143}.Debug|x64.ActiveCfg = Debug|Win32
		{6B2FCEAF-0A3C-4DE7-BB4E-F384EC3BC143}.ICU Debug|Win32.ActiveCfg = Debug|Win32
		{6B2FCEAF-0A3C-4DE7-BB4E-F384EC3BC143}.ICU Debug|Win32.Build.0 = Debug|Win32
		{6B2FCEAF-0A3C-4DE7-BB4E-F384EC3BC143}.ICU Debug|x64.ActiveCfg = Debug|Win32
		{6B2FCEAF-0A3C-4DE7-BB4E-F384EC3BC143}.ICU Release|Win32.ActiveCfg = Release|Win32
		{6B2FCEAF-0A3C-4DE7-BB4E-F384EC3BC143}.ICU Release|Win32.Build.0 = Release|Win32
		{6B2FCEAF-0A3C-4DE7-BB4E-F384EC3BC143}.ICU Release|x64.ActiveCfg = Release|Win32
		{6B2FCEAF-0A3C-4DE7-BB4E-F384EC3BC143}.Release with ICU|Win32.ActiveCfg = Release|Win32
		{6B2FCEAF-0A3C-4DE7-BB4E-F384EC3BC143}.Release with ICU|Win32.Build.0 = Release|Win32
		{6B2FCEAF-0A3C-4DE7-BB4E-F384EC3BC143}.Release with ICU|x64.ActiveCfg = Release|Win32
		{6B2FCEAF-0A3C-4DE7-BB4E-F384EC3BC143}.Release_Unicode|Win32.ActiveCfg = Release|Win32
		{6B2FCEAF-0A3C-4DE7-BB4E-F384EC3BC143}.Release_Unicode|Win32.Build.0 = Release|Win32
		{6B2FCEAF-0A3C-4DE7-BB4E-F384EC3BC143}.Release_Unicode|x64.ActiveCfg = Release|Win32
		{6B2FCEAF-0A3C-4DE7-BB4E-F384EC3BC143}.Release|Win32.ActiveCfg = Release|Win32
		{6B2FCEAF-0A3C-4DE7-BB4E-F384EC3BC143}.Release|Win32.Build.0 = Release|Win32
		{6B2FCEAF-0A3C-4DE7-BB4E-F384EC3BC143}.Release|x64.ActiveCfg = Release|Win32
		{6B2FCEAF-0A3C-4DE7-BB4E-F384EC3BC143}.Static Debug|Win32.ActiveCfg = Debug|Win32
		{6B2FCEAF-0A3C-4DE7-BB4E-F384EC3BC143}.Static Debug|Win32.Build.0 = Debug|Win32
		{6B2FCEAF-0A3C-4DE7-BB4E-F384EC3BC143}.Static Debug|x64.ActiveCfg = Debug|Win32
		{6B2FCEAF-0A3C-4DE7-BB4E-F384EC3BC143}.Static Release|Win32.ActiveCfg = Release|Win32
		{6B2FCEAF-0A3C-4DE7-BB4E-F384EC3BC143}.Static Release|Win32.Build.0 = Release|Win32
		{6B2FCEAF-0A3C-4DE7-BB4E-F384EC3BC143}.Static Release|x64.ActiveCfg = Release|Win32
		{37854432-9C4D-4430-987F-4E6B35516887}.Debug with ICU|Win32.ActiveCfg = Debug|Win32
		{37854432-9C4D-4430-987F-4E6B35516887}.Debug with ICU|Win32.Build.0 = Debug|Win32
		{37854432-9C4D-4430-987F-4E6B35516887}.Debug with ICU|x64.ActiveCfg = Debug|Win32
		{37854432-9C4D-4430-987F-4E6B35516887}.Debug_Unicode|Win32.ActiveCfg = Debug|Win32
		{37854432-9C4D-4430-987F-4E6B35516887}.Debug_Unicode|Win32.Build.0 = Debug|Win32
		{37854432-9C4D-4430-987F-4E6B35516887}.Debug_Unicode|x64.ActiveCfg = Debug|Win32
		{37854432-9C4D-4430-987F-4E6B35516887}.Debug|Win32.ActiveCfg = Debug|Win32
		{37854432-9C4D-4430-987F-4E6B35516887}.Debug|Win32.Build.0 = Debug|Win32
		{37854432-9C4D-4430-987F-4E6B35516887}.Debug|x64.ActiveCfg = Debug|Win32
		{37854432-9C4D-4430-987F-4E6B35516887}.ICU Debug|Win32.ActiveCfg = Debug|Win32
		{37854432-9C4D-4430-987F-4E6B35516887}.ICU Debug|Win32.Build.0 = Debug|Win32
		{37854432-9C4D-4430-987F-4E6B35516887}.ICU Debug|x64.ActiveCfg = Debug|Win32
		{37854432-9C4D-4430-987F-4E6B35516887}.ICU Release|Win32.ActiveCfg = Release|Win32
		{37854432-9C4D-4430-987F-4E6B35516887}.ICU Release|Win32.Build.0 = Release|Win32
		{37854432-9C4D-4430-987F-4E6B35516887}.ICU Release|x64.ActiveCfg = Release|Win32
		{37854432-9C4D-4430-987F-4E6B35516887}.Release with ICU|Win32.ActiveCfg = Release|Win32
		{37854432-9C4D-4430-987F-4E6B35516887}.Release with ICU|Win32.Build.0 = Release|Win32
		{37854432-9C4D-4430-987F-4E6B35516887}.Release with ICU|x64.ActiveCfg = Release|Win32
		{37854432-9C4D-4430-987F-4E6B35516887}.Release_Unicode|Win32.ActiveCfg = Release|Win32
		{37854432-9C4D-4430-987F-4E6B35516887}.Release_Unicode|Win32.Build.0 = Release|Win32
		{37854432-9C4D-4430-987F-4E6B35516887}.Release_Unicode|x64.ActiveCfg = Release|Win32
		{37854432-9C4D-4430-987F-4E6B35516887}.Release|Win32.ActiveCfg = Release|Win32
		{37854432-9C4D-4430-987F-4E6B35516887}.Release|Win32.Build.0 = Release|Win32
		{37854432-9C4D-4430-987F-4E6B35516887}.Release|x64.ActiveCfg = Release|Win32
		{37854432-9C4D-4430-987F-4E6B35516887}.Static Debug|Win32.ActiveCfg = Debug|Win32
		{37854432-9C4D-4430-987F-4E6B35516887}.Static Debug|Win32.Build.0 = Debug|Win32
		{37854432-9C4D-4430-987F-4E6B35516887}.Static Debug|x64.ActiveCfg = Debug|Win32
		{37854432-9C4D-4430-987F-4E6B35516887}.Static Release|Win32.ActiveCfg = Release|Win32
		{37854432-9C4D-4430-987F-4E6B35516887}.Static Release|Win32.Build.0 = Release|Win32
		{37854432-9C4D-4430-987F-4E6B35516887}.Static Release|x64.ActiveCfg = Release|Win32
		{4261E1AA-A00C-43FD-8CAC-C30770094061}.Debug with ICU|Win32.ActiveCfg = Debug|Win32
		{4261E1AA-A00C-43FD-8CAC-C30770094061}.Debug with ICU|Win32.Build.0 = Debug|Win32
		{4261E1AA-A00C-43FD-8CAC-C30770094061}.Debug with ICU|x64.ActiveCfg = Debug|Win32
		{4261E1AA-A00C-43FD-8CAC-C30770094061}.Debug_Unicode|Win32.ActiveCfg = Debug|Win32
		{4261E1AA-A00C-43FD-8CAC-C30770094061}.Debug_Unicode|Win32.Build.0 = Debug|Win32
		{4261E1AA-A00C-43FD-8CAC-C30770094061}.Debug_Unicode|x64.ActiveCfg = Debug|Win32
		{4261E1AA-A00C-43FD-8CAC-C30770094061}.Debug|Win32.ActiveCfg = Debug|Win32
		{4261E1AA-A00C-43FD-8CAC-C30770094061}.Debug|Win32.Build.0 = Debug|Win32
		{4261E1AA-A00C-43FD-8CAC-C30770094061}.Debug|x64.ActiveCfg = Debug|Win32
		{4261E1AA-A00C-43FD-8CAC-C30770094061}.ICU Debug|Win32.ActiveCfg = Debug|Win32
		{4261E1AA-A00C-43FD-8CAC-C30770094061}.ICU Debug|Win32.Build.0 = Debug|Win32
		{4261E1AA-A00C-43FD-8CAC-C30770094061}.ICU Debug|x64.ActiveCfg = Debug|Win32
		{4261E1AA-A00C-43FD-8CAC-C30770094061}.ICU Release|Win32.ActiveCfg = Release|Win32
		{4261E1AA-A00C-43FD-8CAC-C30770094061}.ICU Release|Win32.Build.0 = Release|Win32
		{4261E1AA-A00C-43FD-8CAC-C30770094061}.ICU Release|x64.ActiveCfg = Release|Win32
		{4261E1AA-A00C-43FD-8CAC-C30770094061}.Release with ICU|Win32.ActiveCfg = Release|Win32
		{4261E1AA-A00C-43FD-8CAC-C30770094061}.Release with ICU|Win32.Build.0 = Release|Win32
		{4261E1AA-A00C-43FD-8CAC-C30770094061}.Release with ICU|x64.ActiveCfg = Release|Win32
		{4261E1AA-A00C-43FD-8CAC-C30770094061}.Release_Unicode|Win32.ActiveCfg = Release|Win32
		{4261E1AA-A00C-43FD-8CAC-C30770094061}.Release_Unicode|Win32.Build.0 = Release|Win32
		{4261E1AA-A00C-43FD-8CAC-C30770094061}.Release_Unicode|x64.ActiveCfg = Release|Win32
		{4261E1AA-A00C-43FD-8CAC-C30770094061}.Release|Win32.ActiveCfg = Release|Win32
		{4261E1AA-A00C-43FD-8CAC-C30770094061}.Release|Win32.Build.0 = Release|Win32
		{4261E1AA-A00C-43FD-8CAC-C30770094061}.Release|x64.ActiveCfg = Release|Win32
		{4261E1AA-A00C-43FD-8CAC-C30770094061}.Static Debug|Win32.ActiveCfg = Debug|Win32
		{4261E1AA-A00C-43FD-8CAC-C30770094061}.Static Debug|Win32.Build.0 = Debug|Win32
		{4261E1AA-A00C-43FD-8CAC-C30770094061}.Static Debug|x64.ActiveCfg = Debug|Win32
		{4261E1AA-A00C-43FD-8CAC-C30770094061}.Static Release|Win32.ActiveCfg = Release|Win32
		{4261E1AA-A00C-43FD-8CAC-C30770094061}.Static Release|Win32.Build.0 = Release|Win32
		{4261E1AA-A00C-43FD-8CAC-C30770094061}.Static Release|x64.ActiveCfg = Release|Win32
		{B3DDB095-F19A-4E87-B38B-E795F03BE598}.Debug with ICU|Win32.ActiveCfg = Debug|Win32
		{B3DDB095-F19A-4E87-B38B-E795F03BE598}.Debug with ICU|Win32.Build.0 = Debug|Win32
		{B3DDB095-F19A-4E87-B38B-E795F03BE598}.Debug with ICU|x64.ActiveCfg = Debug|Win32
		{B3DDB095-F19A-4E87-B38B-E795F03BE598}.Debug_Unicode|Win32.ActiveCfg = Debug|Win32
		{B3DDB095-F19A-4E87-B38B-E795F03BE598}.Debug_Unicode|Win32.Build.0 = Debug|Win32
		{B3DDB095-F19A-4E87-B38B-E795F03BE598}.Debug_Unicode|x64.ActiveCfg = Debug|Win32
		{B3DDB095-F19A-4E87-B38B-E795F03BE598}.Debug|Win32.ActiveCfg = Debug|Win32
		{B3DDB095-F19A-4E87-B38B-E795F03BE598}.Debug|Win32.Build.0 = Debug|Win32
		{B3DDB095-F19A-4E87-B38B-E795F03BE598}.Debug|x64.ActiveCfg = Debug|Win32
		{B3DDB095-F19A-4E87-B38B-E795F03BE598}.ICU Debug|Win32.ActiveCfg = Debug|Win32
		{B3DDB095-F19A-4E87-B38B-E795F03BE598}.ICU Debug|Win32.Build.0 = Debug|Win32
		{B3DDB095-F19A-4E87-B38B-E795F03BE598}.ICU Debug|x64.ActiveCfg = Debug|Win32
		{B3DDB095-F19A-4E87-B38B-E795F03BE598}.ICU Release|Win32.ActiveCfg = Release|Win32
		{B3DDB095-F19A-4E87-B38B-E795F03BE598}.ICU Release|Win32.Build.0 = Release|Win32
		{B3DDB095-F19A-4E87-B38B-E795F03BE598}.ICU Release|x64.ActiveCfg = Release|Win32
		{B3DDB095-F19A-4E87-B38B-E795F03BE598}.Release with ICU|Win32.ActiveCfg = Release|Win32
		{B3DDB095-F19A-4E87-B38B-E795F03BE598}.Release with ICU|Win32.Build.0 = Release|Win32
		{B3DDB095-F19A-4E87-B38B-E795F03BE598}.Release with ICU|x64.ActiveCfg = Release|Win32
		{B3DDB095-F19A-4E87-B38B-E795F03BE598}.Release_Unicode|Win32.ActiveCfg = Release|Win32
		{B3DDB095-F19A-4E87-B38B-E795F03BE598}.Release_Unicode|Win32.Build.0 = Release|Win32
		{B3DDB095-F19A-4E87-B38B-E795F03BE598}.Release_Unicode|x64.ActiveCfg = Release|Win32
		{B3DDB095-F19A-4E87-B38B-E795F03BE598}.Release|Win32.ActiveCfg = Release|Win32
		{B3DDB095-F19A-4E87-B38B-E795F03BE598}.Release|Win32.Build.0 = Release|Win32
		{B3DDB095-F19A-4E87-B38B-E795F03BE598}.Release|x64.ActiveCfg = Release|Win32
		{B3DDB095-F19A-4E87-B38B-E795F03BE598}.Static Debug|Win32.ActiveCfg = Debug|Win32
		{B3DDB095-F19A-4E87-B38B-E795F03BE598}.Static Debug|Win32.Build.0 = Debug|Win32
		{B3DDB095-F19A-4E87-B38B-E795F03BE598}.Static Debug|x64.ActiveCfg = Debug|Win32
		{B3DDB095-F19A-4E87-B38B-E795F03BE598}.Static Release|Win32.ActiveCfg = Release|Win32
		{B3DDB095-F19A-4E87-B38B-E795F03BE598}.Static Release|Win32.Build.0 = Release|Win32
		{B3DDB095-F19A-4E87-B38B-E795F03BE598}.Static Release|x64.ActiveCfg = Release|Win32
		{61C9D508-31EC-4BE4-8CC6-EF59BFA2C068}.Debug with ICU|Win32.ActiveCfg = Debug|Win32
		{61C9D508-31EC-4BE4-8CC6-EF59BFA2C068}.Debug with ICU|Win32.Build.0 = Debug|Win32
		{61C9D508-31EC-4BE4-8CC6-EF59BFA2C068}.Debug with ICU|x64.ActiveCfg = Debug|Win32
		{61C9D508-31EC-4BE4-8CC6-EF59BFA2C068}.Debug_Unicode|Win32.ActiveCfg = Debug|Win32
		{61C9D508-31EC-4BE4-8CC6-EF59BFA2C068}.Debug_Unicode|Win32.Build.0 = Debug|Win32
		{61C9D508-31EC-4BE4-8CC6-EF59BFA2C068}.Debug_Unicode|x64.ActiveCfg = Debug|Win32
		{61C9D508-31EC-4BE4-8CC6-EF59BFA2C068}.Debug|Win32.ActiveCfg = Debug|Win32
		{61C9D508-31EC-4BE4-8CC6-EF59BFA2C068}.Debug|Win32.Build.0 = Debug|Win32
		{61C9D508-31EC-4BE4-8CC6-EF59BFA2C068}.Debug|x64.ActiveCfg = Debug|Win32
		{61C9D508-31EC-4BE4-8CC6-EF59BFA2C068}.ICU Debug|Win32.ActiveCfg = Debug|Win32
		{61C9D508-31EC-4BE4-8CC6-EF59BFA2C068}.ICU Debug|Win32.Build.0 = Debug|Win32
		{61C9D508-31EC-4BE4-8CC6-EF59BFA2C068}.ICU Debug|x64.ActiveCfg = Debug|Win32
		{61C9D508-31EC-4BE4-8CC6-EF59BFA2C068}.ICU Release|Win32.ActiveCfg = Release|Win32
		{61C9D508-31EC-4BE4-8CC6-EF59BFA2C068}.ICU Release|Win32.Build.0 = Release|Win32
		{61C9D508-31EC-4BE4-8CC6-EF59BFA2C068}.ICU Release|x64.ActiveCfg = Release|Win32
		{61C9D508-31EC-4BE4-8CC6-EF59BFA2C068}.Release with ICU|Win32.ActiveCfg = Release|Win32
		{61C9D508-31EC-4BE4-8CC6-EF59BFA2C068}.Release with ICU|Win32.Build.0 = Release|Win32
		{61C9D508-31EC-4BE4-8CC6-EF59BFA2C068}.Release with ICU|x64.ActiveCfg = Release|Win32
		{61C9D508-31EC-4BE4-8CC6-EF59BFA2C068}.Release_Unicode|Win32.ActiveCfg = Release|Win32
		{61C9D508-31EC-4BE4-8CC6-EF59BFA2C068}.Release_Unicode|Win32.Build.0 = Release|Win32
		{61C9D508-31EC-4BE4-8CC6-EF59BFA2C068}.Release_Unicode|x64.ActiveCfg = Release|Win32
		{61C9D508-31EC-4BE4-8CC6-EF59BFA2C068}.Release|Win32.ActiveCfg = Release|Win32
		{61C9D508-31EC-4BE4-8CC6-EF59BFA2C068}.Release|Win32.Build.0 = Release|Win32
		{61C9D508-31EC-4BE4-8CC6-EF59BFA2C068}.Release|x64.ActiveCfg = Release|Win32
		{61C9D508-31EC-4BE4-8CC6-EF59BFA2C068}.Static Debug|Win32.ActiveCfg = Debug|Win32
		{61C9D508-31EC-4BE4-8CC6-EF59BFA2C068}.Static Debug|Win32.Build.0 = Debug|Win32
		{61C9D508-31EC-4BE4-8CC6-EF59BFA2C068}.Static Debug|x64.ActiveCfg = Debug|Win32
		{61C9D508-31EC-4BE4-8CC6-EF59BFA2C068}.Static Release|Win32.ActiveCfg = Release|Win32
		{61C9D508-31EC-4BE4-8CC6-EF59BFA2C068}.Static Release|Win32.Build.0 = Release|Win32
		{61C9D508-31EC-4BE4-8CC6-EF59BFA2C068}.Static Release|x64.ActiveCfg = Release|Win32
		{D851713A-9D32-4693-89F5-B2ED52FEFEDB}.Debug with ICU|Win32.ActiveCfg = Debug|Win32
		{D851713A-9D32-4693-89F5-B2ED52FEFEDB}.Debug with ICU|Win32.Build.0 = Debug|Win32
		{D851713A-9D32-4693-89F5-B2ED52FEFEDB}.Debug with ICU|x64.ActiveCfg = Debug|Win32
		{D851713A-9D32-4693-89F5-B2ED52FEFEDB}.Debug_Unicode|Win32.ActiveCfg = Debug|Win32
		{D851713A-9D32-4693-89F5-B2ED52FEFEDB}.Debug_Unicode|Win32.Build.0 = Debug|Win32
		{D851713A-9D32-4693-89F5-B2ED52FEFEDB}.Debug_Unicode|x64.ActiveCfg = Debug|Win32
		{D851713A-9D32-4693-89F5-B2ED52FEFEDB}.Debug|Win32.ActiveCfg = Debug|Win32
		{D851713A-9D32-4693-89F5-B2ED52FEFEDB}.Debug|Win32.Build.0 = Debug|Win32
		{D851713A-9D32-4693-89F5-B2ED52FEFEDB}.Debug|x64.ActiveCfg = Debug|Win32
		{D851713A-9D32-4693-89F5-B2ED52FEFEDB}.ICU Debug|Win32.ActiveCfg = Debug|Win32
		{D851713A-9D32-4693-89F5-B2ED52FEFEDB}.ICU Debug|Win32.Build.0 = Debug|Win32
		{D851713A-9D32-4693-89F5-B2ED52FEFEDB}.ICU Debug|x64.ActiveCfg = Debug|Win32
		{D851713A-9D32-4693-89F5-B2ED52FEFEDB}.ICU Release|Win32.ActiveCfg = Release|Win32
		{D851713A-9D32-4693-89F5-B2ED52FEFEDB}.ICU Release|Win32.Build.0 = Release|Win32
		{D851713A-9D32-4693-89F5-B2ED52FEFEDB}.ICU Release|x64.ActiveCfg = Release|Win32
		{D851713A-9D32-4693-89F5-B2ED52FEFEDB}.Release with ICU|Win32.ActiveCfg = Release|Win32
		{D851713A-9D32-4693-89F5-B2ED52FEFEDB}.Release with ICU|Win32.Build.0 = Release|Win32
		{D851713A-9D32-4693-89F5-B2ED52FEFEDB}.Release with ICU|x64.ActiveCfg = Release|Win32
		{D851713A-9D32-4693-89F5-B2ED52FEFEDB}.Release_Unicode|Win32.ActiveCfg = Release|Win32
		{D851713A-9D32-4693-89F5-B2ED52FEFEDB}.Release_Unicode|Win32.Build.0 = Release|Win32
		{D851713A-9D32-4693-89F5-B2ED52FEFEDB}.Release_Unicode|x64.ActiveCfg = Release|Win32
		{D851713A-9D32-4693-89F5-B2ED52FEFEDB}.Release|Win32.ActiveCfg = Release|Win32
		{D851713A-9D32-4693-89F5-B2ED52FEFEDB}.Release|Win32.Build.0 = Release|Win32
		{D851713A-9D32-4693-89F5-B2ED52FEFEDB}.Release|x64.ActiveCfg = Release|Win32
		{D851713A-9D32-4693-89F5-B2ED52FEFEDB}.Static Debug|Win32.ActiveCfg = Debug|Win32
		{D851713A-9D32-4693-89F5-B2ED52FEFEDB}.Static Debug|Win32.Build.0 = Debug|Win32
		{D851713A-9D32-4693-89F5-B2ED52FEFEDB}.Static Debug|x64.ActiveCfg = Debug|Win32
		{D851713A-9D32-4693-89F5-B2ED52FEFEDB}.Static Release|Win32.ActiveCfg = Release|Win32
		{D851713A-9D32-4693-89F5-B2ED52FEFEDB}.Static Release|Win32.Build.0 = Release|Win32
		{D851713A-9D32-4693-89F5-B2ED52FEFEDB}.Static Release|x64.ActiveCfg = Release|Win32
	EndGlobalSection
	GlobalSection(SolutionProperties) = preSolution
		HideSolutionNode = FALSE
	EndGlobalSection
EndGlobal
