
Microsoft Visual Studio Solution File, Format Version 12.00
# Visual Studio 2013
VisualStudioVersion = 12.0.31101.0
MinimumVisualStudioVersion = 10.0.40219.1
Project("{8BC9CEB8-8B4A-11D0-8D11-00A0C91BC942}") = "testlibxml", "test\testlibxml\testlibxml.vcxproj", "{6B2FCEAF-0A3C-4DE7-BB4E-F384EC3BC143}"
EndProject
Project("{8BC9CEB8-8B4A-11D0-8D11-00A0C91BC942}") = "testlibxmlpath", "test\testlibxmlpath\testlibxmlpath.vcxproj", "{4261E1AA-A00C-43FD-8CAC-C30770094061}"
EndProject
Project("{8BC9CEB8-8B4A-11D0-8D11-00A0C91BC942}") = "testJS", "test\testJS\testJS.vcxproj", "{B3DDB095-F19A-4E87-B38B-E795F03BE598}"
EndProject
Project("{8BC9CEB8-8B4A-11D0-8D11-00A0C91BC942}") = "chilli", "chilli\chilli.vcxproj", "{61C9D508-31EC-4BE4-8CC6-EF59BFA2C068}"
EndProject
Project("{8BC9CEB8-8B4A-11D0-8D11-00A0C91BC942}") = "testSchema", "test\testSchema\testSchema.vcxproj", "{79889EE7-9228-4629-A943-CC5363B03E73}"
EndProject
Project("{8BC9CEB8-8B4A-11D0-8D11-00A0C91BC942}") = "testLog4cplus", "test\testLog4cplus\testLog4cplus.vcxproj", "{63AF3784-3FFB-46AC-B341-76B55AEE3148}"
EndProject
Project("{8BC9CEB8-8B4A-11D0-8D11-00A0C91BC942}") = "testfsm", "test\testfsm\testfsm.vcxproj", "{37854432-9C4D-4430-987F-4E6B35516887}"
EndProject
Project("{8BC9CEB8-8B4A-11D0-8D11-00A0C91BC942}") = "lib_json", "libs\jsoncpp-src-0.5.0\makefiles\vs2013\lib_json.vcxproj", "{B84F7231-16CE-41D8-8C08-7B523FF4225B}"
EndProject
Project("{8BC9CEB8-8B4A-11D0-8D11-00A0C91BC942}") = "log4cplus", "libs\log4cplus-1.1.2\msvc12\log4cplus.vcxproj", "{917836A4-0DDC-47BE-B930-1B3BFDF6C940}"
EndProject
Project("{8BC9CEB8-8B4A-11D0-8D11-00A0C91BC942}") = "FSM", "libs\fsm\msvc12\FSM.vcxproj", "{D851713A-9D32-4693-89F5-B2ED52FEFEDB}"
EndProject
Global
	GlobalSection(SolutionConfigurationPlatforms) = preSolution
		Debug_Unicode|Win32 = Debug_Unicode|Win32
		Debug_Unicode|x64 = Debug_Unicode|x64
		Debug|Win32 = Debug|Win32
		Debug|x64 = Debug|x64
		Release_Unicode|Win32 = Release_Unicode|Win32
		Release_Unicode|x64 = Release_Unicode|x64
		Release|Win32 = Release|Win32
		Release|x64 = Release|x64
	EndGlobalSection
	GlobalSection(ProjectConfigurationPlatforms) = postSolution
		{6B2FCEAF-0A3C-4DE7-BB4E-F384EC3BC143}.Debug_Unicode|Win32.ActiveCfg = Debug|Win32
		{6B2FCEAF-0A3C-4DE7-BB4E-F384EC3BC143}.Debug_Unicode|Win32.Build.0 = Debug|Win32
		{6B2FCEAF-0A3C-4DE7-BB4E-F384EC3BC143}.Debug_Unicode|x64.ActiveCfg = Debug|Win32
		{6B2FCEAF-0A3C-4DE7-BB4E-F384EC3BC143}.Debug|Win32.ActiveCfg = Debug|Win32
		{6B2FCEAF-0A3C-4DE7-BB4E-F384EC3BC143}.Debug|Win32.Build.0 = Debug|Win32
		{6B2FCEAF-0A3C-4DE7-BB4E-F384EC3BC143}.Debug|x64.ActiveCfg = Debug|Win32
		{6B2FCEAF-0A3C-4DE7-BB4E-F384EC3BC143}.Release_Unicode|Win32.ActiveCfg = Release|Win32
		{6B2FCEAF-0A3C-4DE7-BB4E-F384EC3BC143}.Release_Unicode|Win32.Build.0 = Release|Win32
		{6B2FCEAF-0A3C-4DE7-BB4E-F384EC3BC143}.Release_Unicode|x64.ActiveCfg = Release|Win32
		{6B2FCEAF-0A3C-4DE7-BB4E-F384EC3BC143}.Release|Win32.ActiveCfg = Release|Win32
		{6B2FCEAF-0A3C-4DE7-BB4E-F384EC3BC143}.Release|Win32.Build.0 = Release|Win32
		{6B2FCEAF-0A3C-4DE7-BB4E-F384EC3BC143}.Release|x64.ActiveCfg = Release|Win32
		{4261E1AA-A00C-43FD-8CAC-C30770094061}.Debug_Unicode|Win32.ActiveCfg = Debug|Win32
		{4261E1AA-A00C-43FD-8CAC-C30770094061}.Debug_Unicode|Win32.Build.0 = Debug|Win32
		{4261E1AA-A00C-43FD-8CAC-C30770094061}.Debug_Unicode|x64.ActiveCfg = Debug|Win32
		{4261E1AA-A00C-43FD-8CAC-C30770094061}.Debug|Win32.ActiveCfg = Debug|Win32
		{4261E1AA-A00C-43FD-8CAC-C30770094061}.Debug|Win32.Build.0 = Debug|Win32
		{4261E1AA-A00C-43FD-8CAC-C30770094061}.Debug|x64.ActiveCfg = Debug|Win32
		{4261E1AA-A00C-43FD-8CAC-C30770094061}.Release_Unicode|Win32.ActiveCfg = Release|Win32
		{4261E1AA-A00C-43FD-8CAC-C30770094061}.Release_Unicode|Win32.Build.0 = Release|Win32
		{4261E1AA-A00C-43FD-8CAC-C30770094061}.Release_Unicode|x64.ActiveCfg = Release|Win32
		{4261E1AA-A00C-43FD-8CAC-C30770094061}.Release|Win32.ActiveCfg = Release|Win32
		{4261E1AA-A00C-43FD-8CAC-C30770094061}.Release|Win32.Build.0 = Release|Win32
		{4261E1AA-A00C-43FD-8CAC-C30770094061}.Release|x64.ActiveCfg = Release|Win32
		{B3DDB095-F19A-4E87-B38B-E795F03BE598}.Debug_Unicode|Win32.ActiveCfg = Debug|Win32
		{B3DDB095-F19A-4E87-B38B-E795F03BE598}.Debug_Unicode|Win32.Build.0 = Debug|Win32
		{B3DDB095-F19A-4E87-B38B-E795F03BE598}.Debug_Unicode|x64.ActiveCfg = Debug|Win32
		{B3DDB095-F19A-4E87-B38B-E795F03BE598}.Debug|Win32.ActiveCfg = Debug|Win32
		{B3DDB095-F19A-4E87-B38B-E795F03BE598}.Debug|Win32.Build.0 = Debug|Win32
		{B3DDB095-F19A-4E87-B38B-E795F03BE598}.Debug|x64.ActiveCfg = Debug|Win32
		{B3DDB095-F19A-4E87-B38B-E795F03BE598}.Release_Unicode|Win32.ActiveCfg = Release|Win32
		{B3DDB095-F19A-4E87-B38B-E795F03BE598}.Release_Unicode|Win32.Build.0 = Release|Win32
		{B3DDB095-F19A-4E87-B38B-E795F03BE598}.Release_Unicode|x64.ActiveCfg = Release|Win32
		{B3DDB095-F19A-4E87-B38B-E795F03BE598}.Release|Win32.ActiveCfg = Release|Win32
		{B3DDB095-F19A-4E87-B38B-E795F03BE598}.Release|Win32.Build.0 = Release|Win32
		{B3DDB095-F19A-4E87-B38B-E795F03BE598}.Release|x64.ActiveCfg = Release|Win32
		{61C9D508-31EC-4BE4-8CC6-EF59BFA2C068}.Debug_Unicode|Win32.ActiveCfg = Debug|Win32
		{61C9D508-31EC-4BE4-8CC6-EF59BFA2C068}.Debug_Unicode|Win32.Build.0 = Debug|Win32
		{61C9D508-31EC-4BE4-8CC6-EF59BFA2C068}.Debug_Unicode|x64.ActiveCfg = Debug|Win32
		{61C9D508-31EC-4BE4-8CC6-EF59BFA2C068}.Debug|Win32.ActiveCfg = Debug|Win32
		{61C9D508-31EC-4BE4-8CC6-EF59BFA2C068}.Debug|Win32.Build.0 = Debug|Win32
		{61C9D508-31EC-4BE4-8CC6-EF59BFA2C068}.Debug|x64.ActiveCfg = Debug|Win32
		{61C9D508-31EC-4BE4-8CC6-EF59BFA2C068}.Release_Unicode|Win32.ActiveCfg = Release|Win32
		{61C9D508-31EC-4BE4-8CC6-EF59BFA2C068}.Release_Unicode|Win32.Build.0 = Release|Win32
		{61C9D508-31EC-4BE4-8CC6-EF59BFA2C068}.Release_Unicode|x64.ActiveCfg = Release|Win32
		{61C9D508-31EC-4BE4-8CC6-EF59BFA2C068}.Release|Win32.ActiveCfg = Release|Win32
		{61C9D508-31EC-4BE4-8CC6-EF59BFA2C068}.Release|Win32.Build.0 = Release|Win32
		{61C9D508-31EC-4BE4-8CC6-EF59BFA2C068}.Release|x64.ActiveCfg = Release|Win32
		{79889EE7-9228-4629-A943-CC5363B03E73}.Debug_Unicode|Win32.ActiveCfg = Debug|Win32
		{79889EE7-9228-4629-A943-CC5363B03E73}.Debug_Unicode|Win32.Build.0 = Debug|Win32
		{79889EE7-9228-4629-A943-CC5363B03E73}.Debug_Unicode|x64.ActiveCfg = Debug|Win32
		{79889EE7-9228-4629-A943-CC5363B03E73}.Debug|Win32.ActiveCfg = Debug|Win32
		{79889EE7-9228-4629-A943-CC5363B03E73}.Debug|Win32.Build.0 = Debug|Win32
		{79889EE7-9228-4629-A943-CC5363B03E73}.Debug|x64.ActiveCfg = Debug|Win32
		{79889EE7-9228-4629-A943-CC5363B03E73}.Release_Unicode|Win32.ActiveCfg = Release|Win32
		{79889EE7-9228-4629-A943-CC5363B03E73}.Release_Unicode|Win32.Build.0 = Release|Win32
		{79889EE7-9228-4629-A943-CC5363B03E73}.Release_Unicode|x64.ActiveCfg = Release|Win32
		{79889EE7-9228-4629-A943-CC5363B03E73}.Release|Win32.ActiveCfg = Release|Win32
		{79889EE7-9228-4629-A943-CC5363B03E73}.Release|Win32.Build.0 = Release|Win32
		{79889EE7-9228-4629-A943-CC5363B03E73}.Release|x64.ActiveCfg = Release|Win32
		{63AF3784-3FFB-46AC-B341-76B55AEE3148}.Debug_Unicode|Win32.ActiveCfg = Debug|Win32
		{63AF3784-3FFB-46AC-B341-76B55AEE3148}.Debug_Unicode|Win32.Build.0 = Debug|Win32
		{63AF3784-3FFB-46AC-B341-76B55AEE3148}.Debug_Unicode|x64.ActiveCfg = Debug|x64
		{63AF3784-3FFB-46AC-B341-76B55AEE3148}.Debug_Unicode|x64.Build.0 = Debug|x64
		{63AF3784-3FFB-46AC-B341-76B55AEE3148}.Debug|Win32.ActiveCfg = Debug|Win32
		{63AF3784-3FFB-46AC-B341-76B55AEE3148}.Debug|Win32.Build.0 = Debug|Win32
		{63AF3784-3FFB-46AC-B341-76B55AEE3148}.Debug|x64.ActiveCfg = Debug|x64
		{63AF3784-3FFB-46AC-B341-76B55AEE3148}.Debug|x64.Build.0 = Debug|x64
		{63AF3784-3FFB-46AC-B341-76B55AEE3148}.Release_Unicode|Win32.ActiveCfg = Release|Win32
		{63AF3784-3FFB-46AC-B341-76B55AEE3148}.Release_Unicode|Win32.Build.0 = Release|Win32
		{63AF3784-3FFB-46AC-B341-76B55AEE3148}.Release_Unicode|x64.ActiveCfg = Release|x64
		{63AF3784-3FFB-46AC-B341-76B55AEE3148}.Release_Unicode|x64.Build.0 = Release|x64
		{63AF3784-3FFB-46AC-B341-76B55AEE3148}.Release|Win32.ActiveCfg = Release|Win32
		{63AF3784-3FFB-46AC-B341-76B55AEE3148}.Release|Win32.Build.0 = Release|Win32
		{63AF3784-3FFB-46AC-B341-76B55AEE3148}.Release|x64.ActiveCfg = Release|x64
		{63AF3784-3FFB-46AC-B341-76B55AEE3148}.Release|x64.Build.0 = Release|x64
		{37854432-9C4D-4430-987F-4E6B35516887}.Debug_Unicode|Win32.ActiveCfg = Debug|Win32
		{37854432-9C4D-4430-987F-4E6B35516887}.Debug_Unicode|Win32.Build.0 = Debug|Win32
		{37854432-9C4D-4430-987F-4E6B35516887}.Debug_Unicode|x64.ActiveCfg = Debug|Win32
		{37854432-9C4D-4430-987F-4E6B35516887}.Debug|Win32.ActiveCfg = Debug|Win32
		{37854432-9C4D-4430-987F-4E6B35516887}.Debug|Win32.Build.0 = Debug|Win32
		{37854432-9C4D-4430-987F-4E6B35516887}.Debug|x64.ActiveCfg = Debug|Win32
		{37854432-9C4D-4430-987F-4E6B35516887}.Release_Unicode|Win32.ActiveCfg = Release|Win32
		{37854432-9C4D-4430-987F-4E6B35516887}.Release_Unicode|Win32.Build.0 = Release|Win32
		{37854432-9C4D-4430-987F-4E6B35516887}.Release_Unicode|x64.ActiveCfg = Release|Win32
		{37854432-9C4D-4430-987F-4E6B35516887}.Release|Win32.ActiveCfg = Release|Win32
		{37854432-9C4D-4430-987F-4E6B35516887}.Release|Win32.Build.0 = Release|Win32
		{37854432-9C4D-4430-987F-4E6B35516887}.Release|x64.ActiveCfg = Release|Win32
		{B84F7231-16CE-41D8-8C08-7B523FF4225B}.Debug_Unicode|Win32.ActiveCfg = Debug|Win32
		{B84F7231-16CE-41D8-8C08-7B523FF4225B}.Debug_Unicode|Win32.Build.0 = Debug|Win32
		{B84F7231-16CE-41D8-8C08-7B523FF4225B}.Debug_Unicode|x64.ActiveCfg = Debug|Win32
		{B84F7231-16CE-41D8-8C08-7B523FF4225B}.Debug|Win32.ActiveCfg = Debug|Win32
		{B84F7231-16CE-41D8-8C08-7B523FF4225B}.Debug|Win32.Build.0 = Debug|Win32
		{B84F7231-16CE-41D8-8C08-7B523FF4225B}.Debug|x64.ActiveCfg = Debug|Win32
		{B84F7231-16CE-41D8-8C08-7B523FF4225B}.Release_Unicode|Win32.ActiveCfg = Release|Win32
		{B84F7231-16CE-41D8-8C08-7B523FF4225B}.Release_Unicode|Win32.Build.0 = Release|Win32
		{B84F7231-16CE-41D8-8C08-7B523FF4225B}.Release_Unicode|x64.ActiveCfg = Release|Win32
		{B84F7231-16CE-41D8-8C08-7B523FF4225B}.Release|Win32.ActiveCfg = Release|Win32
		{B84F7231-16CE-41D8-8C08-7B523FF4225B}.Release|Win32.Build.0 = Release|Win32
		{B84F7231-16CE-41D8-8C08-7B523FF4225B}.Release|x64.ActiveCfg = Release|Win32
		{917836A4-0DDC-47BE-B930-1B3BFDF6C940}.Debug_Unicode|Win32.ActiveCfg = Debug_Unicode|Win32
		{917836A4-0DDC-47BE-B930-1B3BFDF6C940}.Debug_Unicode|Win32.Build.0 = Debug_Unicode|Win32
		{917836A4-0DDC-47BE-B930-1B3BFDF6C940}.Debug_Unicode|x64.ActiveCfg = Debug_Unicode|x64
		{917836A4-0DDC-47BE-B930-1B3BFDF6C940}.Debug_Unicode|x64.Build.0 = Debug_Unicode|x64
		{917836A4-0DDC-47BE-B930-1B3BFDF6C940}.Debug|Win32.ActiveCfg = Debug|Win32
		{917836A4-0DDC-47BE-B930-1B3BFDF6C940}.Debug|Win32.Build.0 = Debug|Win32
		{917836A4-0DDC-47BE-B930-1B3BFDF6C940}.Debug|x64.ActiveCfg = Debug|x64
		{917836A4-0DDC-47BE-B930-1B3BFDF6C940}.Debug|x64.Build.0 = Debug|x64
		{917836A4-0DDC-47BE-B930-1B3BFDF6C940}.Release_Unicode|Win32.ActiveCfg = Release_Unicode|Win32
		{917836A4-0DDC-47BE-B930-1B3BFDF6C940}.Release_Unicode|Win32.Build.0 = Release_Unicode|Win32
		{917836A4-0DDC-47BE-B930-1B3BFDF6C940}.Release_Unicode|x64.ActiveCfg = Release_Unicode|x64
		{917836A4-0DDC-47BE-B930-1B3BFDF6C940}.Release_Unicode|x64.Build.0 = Release_Unicode|x64
		{917836A4-0DDC-47BE-B930-1B3BFDF6C940}.Release|Win32.ActiveCfg = Release|Win32
		{917836A4-0DDC-47BE-B930-1B3BFDF6C940}.Release|Win32.Build.0 = Release|Win32
		{917836A4-0DDC-47BE-B930-1B3BFDF6C940}.Release|x64.ActiveCfg = Release|x64
		{917836A4-0DDC-47BE-B930-1B3BFDF6C940}.Release|x64.Build.0 = Release|x64
		{D851713A-9D32-4693-89F5-B2ED52FEFEDB}.Debug_Unicode|Win32.ActiveCfg = Debug|Win32
		{D851713A-9D32-4693-89F5-B2ED52FEFEDB}.Debug_Unicode|Win32.Build.0 = Debug|Win32
		{D851713A-9D32-4693-89F5-B2ED52FEFEDB}.Debug_Unicode|x64.ActiveCfg = Debug|Win32
		{D851713A-9D32-4693-89F5-B2ED52FEFEDB}.Debug|Win32.ActiveCfg = Debug|Win32
		{D851713A-9D32-4693-89F5-B2ED52FEFEDB}.Debug|Win32.Build.0 = Debug|Win32
		{D851713A-9D32-4693-89F5-B2ED52FEFEDB}.Debug|x64.ActiveCfg = Debug|Win32
		{D851713A-9D32-4693-89F5-B2ED52FEFEDB}.Release_Unicode|Win32.ActiveCfg = Release|Win32
		{D851713A-9D32-4693-89F5-B2ED52FEFEDB}.Release_Unicode|Win32.Build.0 = Release|Win32
		{D851713A-9D32-4693-89F5-B2ED52FEFEDB}.Release_Unicode|x64.ActiveCfg = Release|Win32
		{D851713A-9D32-4693-89F5-B2ED52FEFEDB}.Release|Win32.ActiveCfg = Release|Win32
		{D851713A-9D32-4693-89F5-B2ED52FEFEDB}.Release|Win32.Build.0 = Release|Win32
		{D851713A-9D32-4693-89F5-B2ED52FEFEDB}.Release|x64.ActiveCfg = Release|Win32
	EndGlobalSection
	GlobalSection(SolutionProperties) = preSolution
		HideSolutionNode = FALSE
	EndGlobalSection
EndGlobal
