
Microsoft Visual Studio Solution File, Format Version 11.00
# Visual Studio 2010
Project("{8BC9CEB8-8B4A-11D0-8D11-00A0C91BC942}") = "FSM", "FSM.vcxproj", "{D851713A-9D32-4693-89F5-B2ED52FEFEDB}"
EndProject
Global
	GlobalSection(SolutionConfigurationPlatforms) = preSolution
		Debug|Win32 = Debug|Win32
		Release|Win32 = Release|Win32
	EndGlobalSection
	GlobalSection(ProjectConfigurationPlatforms) = postSolution
		{D851713A-9D32-4693-89F5-B2ED52FEFEDB}.Debug|Win32.ActiveCfg = Debug|Win32
		{D851713A-9D32-4693-89F5-B2ED52FEFEDB}.Debug|Win32.Build.0 = Debug|Win32
		{D851713A-9D32-4693-89F5-B2ED52FEFEDB}.Release|Win32.ActiveCfg = Release|Win32
		{D851713A-9D32-4693-89F5-B2ED52FEFEDB}.Release|Win32.Build.0 = Release|Win32
	EndGlobalSection
	GlobalSection(SolutionProperties) = preSolution
		HideSolutionNode = FALSE
	EndGlobalSection
EndGlobal
