<?xml version="1.0" encoding="utf-8"?>
<Project ToolsVersion="4.0" xmlns="http://schemas.microsoft.com/developer/msbuild/2003">
  <ItemGroup>
    <Filter Include="Source Files">
      <UniqueIdentifier>{4FC737F1-C7A5-4376-A066-2A32D752A2FF}</UniqueIdentifier>
      <Extensions>cpp;c;cc;cxx;def;odl;idl;hpj;bat;asm;asmx</Extensions>
    </Filter>
    <Filter Include="Header Files">
      <UniqueIdentifier>{93995380-89BD-4b04-88EB-625FBE52EBFB}</UniqueIdentifier>
      <Extensions>h;hpp;hxx;hm;inl;inc;xsd</Extensions>
    </Filter>
    <Filter Include="Resource Files">
      <UniqueIdentifier>{67DA6AB6-F800-4c08-8B7A-83BB121AAD01}</UniqueIdentifier>
      <Extensions>rc;ico;cur;bmp;dlg;rc2;rct;bin;rgs;gif;jpg;jpeg;jpe;resx;tiff;tif;png;wav;mfcribbon-ms</Extensions>
    </Filter>
    <Filter Include="model">
      <UniqueIdentifier>{f4d5888f-d8f7-45d4-85b2-0d226e1cb216}</UniqueIdentifier>
    </Filter>
    <Filter Include="Sh">
      <UniqueIdentifier>{90ddb62a-88e5-48a0-963a-ac43f2a098a3}</UniqueIdentifier>
    </Filter>
    <Filter Include="IVR">
      <UniqueIdentifier>{23c3db04-58bb-4976-b079-1d643c10a741}</UniqueIdentifier>
    </Filter>
    <Filter Include="ACD">
      <UniqueIdentifier>{704ea279-ecaa-4f36-a30f-e34b91eab198}</UniqueIdentifier>
    </Filter>
    <Filter Include="tinyxml2">
      <UniqueIdentifier>{59e57e29-dcb0-4bd6-ae84-2e2b10e033e1}</UniqueIdentifier>
    </Filter>
    <Filter Include="Agent">
      <UniqueIdentifier>{43240dc7-8fc2-4190-b19a-a20c865e7ec9}</UniqueIdentifier>
    </Filter>
    <Filter Include="websocket">
      <UniqueIdentifier>{966d4dc4-729f-4d54-945a-f4b31c140fb5}</UniqueIdentifier>
    </Filter>
    <Filter Include="freeswitch">
      <UniqueIdentifier>{3f4e453c-8f58-4e1d-bc69-020370354b2c}</UniqueIdentifier>
    </Filter>
    <Filter Include="Avaya">
      <UniqueIdentifier>{30b81287-8bbb-4298-9c40-99fe02dbde55}</UniqueIdentifier>
    </Filter>
    <Filter Include="Extension">
      <UniqueIdentifier>{e74a7c9f-a71a-4955-819f-415cf4ebb6b0}</UniqueIdentifier>
    </Filter>
    <Filter Include="Group">
      <UniqueIdentifier>{62aa6b3b-c07f-4462-ae0d-700f87ba1f53}</UniqueIdentifier>
    </Filter>
    <Filter Include="mysql">
      <UniqueIdentifier>{87f16a24-4bd7-4d44-935e-1a7147cc4e38}</UniqueIdentifier>
    </Filter>
    <Filter Include="conf">
      <UniqueIdentifier>{991e0369-59ea-40b2-862e-7f1aec0420f9}</UniqueIdentifier>
    </Filter>
    <Filter Include="EventReport">
      <UniqueIdentifier>{5caea3ee-9aa3-49e3-b0ba-2e23a5b637c4}</UniqueIdentifier>
    </Filter>
  </ItemGroup>
  <ItemGroup>
    <None Include="welcome.wav">
      <Filter>Resource Files</Filter>
    </None>
    <None Include="ReadMe.txt" />
    <None Include="AgentClient.htm" />
    <None Include="conf\log4cplus.properties">
      <Filter>conf</Filter>
    </None>
  </ItemGroup>
  <ItemGroup>
    <ClInclude Include="targetver.h">
      <Filter>Header Files</Filter>
    </ClInclude>
    <ClInclude Include="ServiceModule.h">
      <Filter>Header Files</Filter>
    </ClInclude>
    <ClInclude Include="model\Extension.h">
      <Filter>model</Filter>
    </ClInclude>
    <ClInclude Include="model\ProcessModule.h">
      <Filter>model</Filter>
    </ClInclude>
    <ClInclude Include="Sh\ShDevModule.h">
      <Filter>Sh</Filter>
    </ClInclude>
    <ClInclude Include="Sh\ShExtension.h">
      <Filter>Sh</Filter>
    </ClInclude>
    <ClInclude Include="ACD\ACDModule.h">
      <Filter>ACD</Filter>
    </ClInclude>
    <ClInclude Include="chilli.h">
      <Filter>Header Files</Filter>
    </ClInclude>
    <ClInclude Include="CEventBuffer.h">
      <Filter>Header Files</Filter>
    </ClInclude>
    <ClInclude Include="tinyxml2\tinyxml2.h">
      <Filter>tinyxml2</Filter>
    </ClInclude>
    <ClInclude Include="IVR\IVRModule.h">
      <Filter>IVR</Filter>
    </ClInclude>
    <ClInclude Include="Agent\Agent.h">
      <Filter>Agent</Filter>
    </ClInclude>
    <ClInclude Include="Agent\AgentModule.h">
      <Filter>Agent</Filter>
    </ClInclude>
    <ClInclude Include="websocket\websocket.h">
      <Filter>websocket</Filter>
    </ClInclude>
    <ClInclude Include="freeswitch\FreeSwitchModule.h">
      <Filter>freeswitch</Filter>
    </ClInclude>
    <ClInclude Include="Sh\shpa3api.h">
      <Filter>Header Files</Filter>
    </ClInclude>
    <ClInclude Include="Dynamiclibrary.h">
      <Filter>Header Files</Filter>
    </ClInclude>
    <ClInclude Include="Avaya\TSAPIModule.h">
      <Filter>Avaya</Filter>
    </ClInclude>
    <ClInclude Include="Avaya\AvayaAPI.h">
      <Filter>Avaya</Filter>
    </ClInclude>
    <ClInclude Include="Sh\ShAPI.h">
      <Filter>Sh</Filter>
    </ClInclude>
    <ClInclude Include="model\TypeDef.h">
      <Filter>model</Filter>
    </ClInclude>
    <ClInclude Include="model\ConnectAdapter.h">
      <Filter>model</Filter>
    </ClInclude>
    <ClInclude Include="Extension\ExtensionImp.h">
      <Filter>Extension</Filter>
    </ClInclude>
    <ClInclude Include="Extension\ExtensionModule.h">
      <Filter>Extension</Filter>
    </ClInclude>
    <ClInclude Include="acd\ACDExtension.h">
      <Filter>ACD</Filter>
    </ClInclude>
    <ClInclude Include="Avaya\AvayaAgent.h">
      <Filter>Avaya</Filter>
    </ClInclude>
    <ClInclude Include="Avaya\AvayaExtension.h">
      <Filter>Avaya</Filter>
    </ClInclude>
    <ClInclude Include="Avaya\AvayaVDN.h">
      <Filter>Avaya</Filter>
    </ClInclude>
    <ClInclude Include="Group\GroupModule.h">
      <Filter>Group</Filter>
    </ClInclude>
    <ClInclude Include="Group\GroupImp.h">
      <Filter>Group</Filter>
    </ClInclude>
    <ClInclude Include="mysql\MySqlModule.h">
      <Filter>mysql</Filter>
    </ClInclude>
    <ClInclude Include="Avaya\AvayaACD.h">
      <Filter>Avaya</Filter>
    </ClInclude>
    <ClInclude Include="uuid.h">
      <Filter>Header Files</Filter>
    </ClInclude>
    <ClInclude Include="freeswitch\FreeSwitchExtension.h">
      <Filter>freeswitch</Filter>
    </ClInclude>
    <ClInclude Include="stringHelper.h">
      <Filter>Header Files</Filter>
    </ClInclude>
    <ClInclude Include="EeventReport\EventReportModule.h">
      <Filter>EventReport</Filter>
    </ClInclude>
  </ItemGroup>
  <ItemGroup>
    <ClCompile Include="ServiceModule.cpp">
      <Filter>Source Files</Filter>
    </ClCompile>
    <ClCompile Include="Sh\ShDevModule.cpp">
      <Filter>Sh</Filter>
    </ClCompile>
    <ClCompile Include="Sh\ShExtension.cpp">
      <Filter>Sh</Filter>
    </ClCompile>
    <ClCompile Include="ACD\ACDModule.cpp">
      <Filter>ACD</Filter>
    </ClCompile>
    <ClCompile Include="chilli.cpp">
      <Filter>Source Files</Filter>
    </ClCompile>
    <ClCompile Include="tinyxml2\tinyxml2.cpp">
      <Filter>tinyxml2</Filter>
    </ClCompile>
    <ClCompile Include="IVR\IVRModule.cpp">
      <Filter>IVR</Filter>
    </ClCompile>
    <ClCompile Include="Agent\Agent.cpp">
      <Filter>Agent</Filter>
    </ClCompile>
    <ClCompile Include="Agent\AgentModule.cpp">
      <Filter>Agent</Filter>
    </ClCompile>
    <ClCompile Include="websocket\websocket.cpp">
      <Filter>websocket</Filter>
    </ClCompile>
    <ClCompile Include="freeswitch\FreeSwitchModule.cpp">
      <Filter>freeswitch</Filter>
    </ClCompile>
    <ClCompile Include="Avaya\TSAPIModule.cpp">
      <Filter>Avaya</Filter>
    </ClCompile>
    <ClCompile Include="Avaya\AvayaAPI.cpp">
      <Filter>Avaya</Filter>
    </ClCompile>
    <ClCompile Include="Sh\ShAPI.cpp">
      <Filter>Sh</Filter>
    </ClCompile>
    <ClCompile Include="model\ConnectAdapter.cpp">
      <Filter>model</Filter>
    </ClCompile>
    <ClCompile Include="Extension\ExtensionImp.cpp">
      <Filter>Extension</Filter>
    </ClCompile>
    <ClCompile Include="Extension\ExtensionModule.cpp">
      <Filter>Extension</Filter>
    </ClCompile>
    <ClCompile Include="model\ProcessModule.cpp">
      <Filter>model</Filter>
    </ClCompile>
    <ClCompile Include="acd\ACDExtension.cpp">
      <Filter>ACD</Filter>
    </ClCompile>
    <ClCompile Include="Avaya\AvayaAgent.cpp">
      <Filter>Avaya</Filter>
    </ClCompile>
    <ClCompile Include="Avaya\AvayaExtension.cpp">
      <Filter>Avaya</Filter>
    </ClCompile>
    <ClCompile Include="Avaya\AvayaVDN.cpp">
      <Filter>Avaya</Filter>
    </ClCompile>
    <ClCompile Include="Group\GroupModule.cpp">
      <Filter>Group</Filter>
    </ClCompile>
    <ClCompile Include="Group\GroupImp.cpp">
      <Filter>Group</Filter>
    </ClCompile>
    <ClCompile Include="mysql\MySqlModule.cpp">
      <Filter>mysql</Filter>
    </ClCompile>
    <ClCompile Include="model\Extension.cpp">
      <Filter>model</Filter>
    </ClCompile>
    <ClCompile Include="Avaya\AvayaACD.cpp">
      <Filter>Avaya</Filter>
    </ClCompile>
    <ClCompile Include="freeswitch\FreeSwitchExtension.cpp">
      <Filter>freeswitch</Filter>
    </ClCompile>
    <ClCompile Include="EeventReport\EventReportModule.cpp">
      <Filter>EventReport</Filter>
    </ClCompile>
  </ItemGroup>
  <ItemGroup>
    <Xml Include="conf\ACD.xml">
      <Filter>conf</Filter>
    </Xml>
    <Xml Include="conf\Agent.xml">
      <Filter>conf</Filter>
    </Xml>
    <Xml Include="conf\Analog_Trunk.xml">
      <Filter>conf</Filter>
    </Xml>
    <Xml Include="conf\Analog_User.xml">
      <Filter>conf</Filter>
    </Xml>
    <Xml Include="conf\AvayaACD.xml">
      <Filter>conf</Filter>
    </Xml>
    <Xml Include="conf\AvayaAgent.xml">
      <Filter>conf</Filter>
    </Xml>
    <Xml Include="conf\AvayaExtension.xml">
      <Filter>conf</Filter>
    </Xml>
    <Xml Include="conf\chilli.xml">
      <Filter>conf</Filter>
    </Xml>
    <Xml Include="conf\Group.xml">
      <Filter>conf</Filter>
    </Xml>
    <Xml Include="conf\IVR.xml">
      <Filter>conf</Filter>
    </Xml>
    <Xml Include="conf\FreeSwitchExtension.xml">
      <Filter>conf</Filter>
    </Xml>
  </ItemGroup>
</Project>