
Microsoft Visual Studio Solution File, Format Version 12.00
# Visual Studio 14
VisualStudioVersion = 14.0.25420.1
MinimumVisualStudioVersion = 10.0.40219.1
Project("{8BC9CEB8-8B4A-11D0-8D11-00A0C91BC942}") = "libevent_core", "libevent_core.vcxproj", "{3C2BE383-A1B5-41AB-86CD-11455DF41EDC}"
EndProject
Project("{8BC9CEB8-8B4A-11D0-8D11-00A0C91BC942}") = "libevent_extras", "libevent_extras.vcxproj", "{7BD82078-0049-4B2F-843E-2F7C018F426A}"
EndProject
Project("{2150E333-8FDC-42A3-9474-1A3956D46DE8}") = "sample", "sample", "{15BA02BB-C7C0-463A-9482-3D24CD3C3723}"
EndProject
Project("{8BC9CEB8-8B4A-11D0-8D11-00A0C91BC942}") = "hello-world", "sample\hello-world.vcxproj", "{7C7CC7E2-BEA5-4F4E-BDF0-3FE717109923}"
EndProject
Global
	GlobalSection(SolutionConfigurationPlatforms) = preSolution
		Debug|Win32 = Debug|Win32
		Release|Win32 = Release|Win32
	EndGlobalSection
	GlobalSection(ProjectConfigurationPlatforms) = postSolution
		{3C2BE383-A1B5-41AB-86CD-11455DF41EDC}.Debug|Win32.ActiveCfg = Debug|Win32
		{3C2BE383-A1B5-41AB-86CD-11455DF41EDC}.Debug|Win32.Build.0 = Debug|Win32
		{3C2BE383-A1B5-41AB-86CD-11455DF41EDC}.Release|Win32.ActiveCfg = Release|Win32
		{3C2BE383-A1B5-41AB-86CD-11455DF41EDC}.Release|Win32.Build.0 = Release|Win32
		{7BD82078-0049-4B2F-843E-2F7C018F426A}.Debug|Win32.ActiveCfg = Debug|Win32
		{7BD82078-0049-4B2F-843E-2F7C018F426A}.Debug|Win32.Build.0 = Debug|Win32
		{7BD82078-0049-4B2F-843E-2F7C018F426A}.Release|Win32.ActiveCfg = Release|Win32
		{7BD82078-0049-4B2F-843E-2F7C018F426A}.Release|Win32.Build.0 = Release|Win32
		{7C7CC7E2-BEA5-4F4E-BDF0-3FE717109923}.Debug|Win32.ActiveCfg = Debug|Win32
		{7C7CC7E2-BEA5-4F4E-BDF0-3FE717109923}.Debug|Win32.Build.0 = Debug|Win32
		{7C7CC7E2-BEA5-4F4E-BDF0-3FE717109923}.Release|Win32.ActiveCfg = Release|Win32
		{7C7CC7E2-BEA5-4F4E-BDF0-3FE717109923}.Release|Win32.Build.0 = Release|Win32
	EndGlobalSection
	GlobalSection(SolutionProperties) = preSolution
		HideSolutionNode = FALSE
	EndGlobalSection
	GlobalSection(NestedProjects) = preSolution
		{7C7CC7E2-BEA5-4F4E-BDF0-3FE717109923} = {15BA02BB-C7C0-463A-9482-3D24CD3C3723}
	EndGlobalSection
EndGlobal
