
Microsoft Visual Studio Solution File, Format Version 12.00
# Visual Studio 2013
VisualStudioVersion = 12.0.31101.0
MinimumVisualStudioVersion = 10.0.40219.1
Project("{8BC9CEB8-8B4A-11D0-8D11-00A0C91BC942}") = "FSM", "FSM.vcxproj", "{D851713A-9D32-4693-89F5-B2ED52FEFEDB}"
EndProject
Project("{8BC9CEB8-8B4A-11D0-8D11-00A0C91BC942}") = "lib_json", "..\..\jsoncpp-src-0.5.0\makefiles\vs2013\lib_json.vcxproj", "{B84F7231-16CE-41D8-8C08-7B523FF4225B}"
EndProject
Project("{8BC9CEB8-8B4A-11D0-8D11-00A0C91BC942}") = "log4cplus", "..\..\log4cplus-1.2.0\msvc12\log4cplus.vcxproj", "{917836A4-0DDC-47BE-B930-1B3BFDF6C940}"
EndProject
Global
	GlobalSection(SolutionConfigurationPlatforms) = preSolution
		Debug_Unicode|Win32 = Debug_Unicode|Win32
		Debug_Unicode|x64 = Debug_Unicode|x64
		Debug|Win32 = Debug|Win32
		Debug|x64 = Debug|x64
		dummy|Win32 = dummy|Win32
		dummy|x64 = dummy|x64
		Release_Unicode|Win32 = Release_Unicode|Win32
		Release_Unicode|x64 = Release_Unicode|x64
		Release|Win32 = Release|Win32
		Release|x64 = Release|x64
	EndGlobalSection
	GlobalSection(ProjectConfigurationPlatforms) = postSolution
		{D851713A-9D32-4693-89F5-B2ED52FEFEDB}.Debug_Unicode|Win32.ActiveCfg = Debug|Win32
		{D851713A-9D32-4693-89F5-B2ED52FEFEDB}.Debug_Unicode|Win32.Build.0 = Debug|Win32
		{D851713A-9D32-4693-89F5-B2ED52FEFEDB}.Debug_Unicode|x64.ActiveCfg = Debug|Win32
		{D851713A-9D32-4693-89F5-B2ED52FEFEDB}.Debug|Win32.ActiveCfg = Debug|Win32
		{D851713A-9D32-4693-89F5-B2ED52FEFEDB}.Debug|Win32.Build.0 = Debug|Win32
		{D851713A-9D32-4693-89F5-B2ED52FEFEDB}.Debug|x64.ActiveCfg = Debug|Win32
		{D851713A-9D32-4693-89F5-B2ED52FEFEDB}.dummy|Win32.ActiveCfg = Debug|Win32
		{D851713A-9D32-4693-89F5-B2ED52FEFEDB}.dummy|Win32.Build.0 = Debug|Win32
		{D851713A-9D32-4693-89F5-B2ED52FEFEDB}.dummy|x64.ActiveCfg = Debug|Win32
		{D851713A-9D32-4693-89F5-B2ED52FEFEDB}.Release_Unicode|Win32.ActiveCfg = Release|Win32
		{D851713A-9D32-4693-89F5-B2ED52FEFEDB}.Release_Unicode|Win32.Build.0 = Release|Win32
		{D851713A-9D32-4693-89F5-B2ED52FEFEDB}.Release_Unicode|x64.ActiveCfg = Release|Win32
		{D851713A-9D32-4693-89F5-B2ED52FEFEDB}.Release|Win32.ActiveCfg = Release|Win32
		{D851713A-9D32-4693-89F5-B2ED52FEFEDB}.Release|Win32.Build.0 = Release|Win32
		{D851713A-9D32-4693-89F5-B2ED52FEFEDB}.Release|x64.ActiveCfg = Release|Win32
		{B84F7231-16CE-41D8-8C08-7B523FF4225B}.Debug_Unicode|Win32.ActiveCfg = Debug|Win32
		{B84F7231-16CE-41D8-8C08-7B523FF4225B}.Debug_Unicode|Win32.Build.0 = Debug|Win32
		{B84F7231-16CE-41D8-8C08-7B523FF4225B}.Debug_Unicode|x64.ActiveCfg = Debug|Win32
		{B84F7231-16CE-41D8-8C08-7B523FF4225B}.Debug|Win32.ActiveCfg = Debug|Win32
		{B84F7231-16CE-41D8-8C08-7B523FF4225B}.Debug|Win32.Build.0 = Debug|Win32
		{B84F7231-16CE-41D8-8C08-7B523FF4225B}.Debug|x64.ActiveCfg = Debug|Win32
		{B84F7231-16CE-41D8-8C08-7B523FF4225B}.dummy|Win32.ActiveCfg = Debug|Win32
		{B84F7231-16CE-41D8-8C08-7B523FF4225B}.dummy|Win32.Build.0 = Debug|Win32
		{B84F7231-16CE-41D8-8C08-7B523FF4225B}.dummy|x64.ActiveCfg = Debug|Win32
		{B84F7231-16CE-41D8-8C08-7B523FF4225B}.Release_Unicode|Win32.ActiveCfg = Release|Win32
		{B84F7231-16CE-41D8-8C08-7B523FF4225B}.Release_Unicode|Win32.Build.0 = Release|Win32
		{B84F7231-16CE-41D8-8C08-7B523FF4225B}.Release_Unicode|x64.ActiveCfg = Release|Win32
		{B84F7231-16CE-41D8-8C08-7B523FF4225B}.Release|Win32.ActiveCfg = Release|Win32
		{B84F7231-16CE-41D8-8C08-7B523FF4225B}.Release|Win32.Build.0 = Release|Win32
		{B84F7231-16CE-41D8-8C08-7B523FF4225B}.Release|x64.ActiveCfg = Release|Win32
		{917836A4-0DDC-47BE-B930-1B3BFDF6C940}.Debug_Unicode|Win32.ActiveCfg = Debug_Unicode|Win32
		{917836A4-0DDC-47BE-B930-1B3BFDF6C940}.Debug_Unicode|Win32.Build.0 = Debug_Unicode|Win32
		{917836A4-0DDC-47BE-B930-1B3BFDF6C940}.Debug_Unicode|x64.ActiveCfg = Debug_Unicode|x64
		{917836A4-0DDC-47BE-B930-1B3BFDF6C940}.Debug_Unicode|x64.Build.0 = Debug_Unicode|x64
		{917836A4-0DDC-47BE-B930-1B3BFDF6C940}.Debug|Win32.ActiveCfg = Debug|Win32
		{917836A4-0DDC-47BE-B930-1B3BFDF6C940}.Debug|Win32.Build.0 = Debug|Win32
		{917836A4-0DDC-47BE-B930-1B3BFDF6C940}.Debug|x64.ActiveCfg = Debug|x64
		{917836A4-0DDC-47BE-B930-1B3BFDF6C940}.Debug|x64.Build.0 = Debug|x64
		{917836A4-0DDC-47BE-B930-1B3BFDF6C940}.dummy|Win32.ActiveCfg = Debug|Win32
		{917836A4-0DDC-47BE-B930-1B3BFDF6C940}.dummy|Win32.Build.0 = Debug|Win32
		{917836A4-0DDC-47BE-B930-1B3BFDF6C940}.dummy|x64.ActiveCfg = Debug|x64
		{917836A4-0DDC-47BE-B930-1B3BFDF6C940}.dummy|x64.Build.0 = Debug|x64
		{917836A4-0DDC-47BE-B930-1B3BFDF6C940}.Release_Unicode|Win32.ActiveCfg = Release_Unicode|Win32
		{917836A4-0DDC-47BE-B930-1B3BFDF6C940}.Release_Unicode|Win32.Build.0 = Release_Unicode|Win32
		{917836A4-0DDC-47BE-B930-1B3BFDF6C940}.Release_Unicode|x64.ActiveCfg = Release_Unicode|x64
		{917836A4-0DDC-47BE-B930-1B3BFDF6C940}.Release_Unicode|x64.Build.0 = Release_Unicode|x64
		{917836A4-0DDC-47BE-B930-1B3BFDF6C940}.Release|Win32.ActiveCfg = Release|Win32
		{917836A4-0DDC-47BE-B930-1B3BFDF6C940}.Release|Win32.Build.0 = Release|Win32
		{917836A4-0DDC-47BE-B930-1B3BFDF6C940}.Release|x64.ActiveCfg = Release|x64
		{917836A4-0DDC-47BE-B930-1B3BFDF6C940}.Release|x64.Build.0 = Release|x64
	EndGlobalSection
	GlobalSection(SolutionProperties) = preSolution
		HideSolutionNode = FALSE
	EndGlobalSection
	GlobalSection(DPCodeReviewSolutionGUID) = preSolution
		DPCodeReviewSolutionGUID = {00000000-0000-0000-0000-000000000000}
	EndGlobalSection
EndGlobal
