Microsoft Visual Studio Solution File, Format Version 12.00
# Visual Studio 14
VisualStudioVersion = 14.0.25420.1
MinimumVisualStudioVersion = 10.0.40219.1
Project("{8BC9CEB8-8B4A-11D0-8D11-00A0C91BC942}") = "ALL_BUILD", "ALL_BUILD.vcxproj", "{D6767E3C-2AB6-3B28-B2ED-EF2D716C5B3C}"
	ProjectSection(ProjectDependencies) = postProject
		{9AD853DE-F64A-3CE9-829D-BC02F35DF30A} = {9AD853DE-F64A-3CE9-829D-BC02F35DF30A}
		{890D52F9-D453-3944-B459-6C76C069FB43} = {890D52F9-D453-3944-B459-6C76C069FB43}
		{5AB83126-BB4E-311F-B57C-D4C0165E2F4E} = {5AB83126-BB4E-311F-B57C-D4C0165E2F4E}
		{76A26506-1E35-3E68-80BC-BA14CCBCABA7} = {76A26506-1E35-3E68-80BC-BA14CCBCABA7}
		{7B563712-A556-383C-A935-6392212FABD6} = {7B563712-A556-383C-A935-6392212FABD6}
		{8C297594-556E-3CDA-A6EA-FB6F6CC84A9F} = {8C297594-556E-3CDA-A6EA-FB6F6CC84A9F}
		{3B2A9896-9398-32A0-B237-694D34DA4055} = {3B2A9896-9398-32A0-B237-694D34DA4055}
		{594E5E3E-E08D-3633-82D5-3672D7F07E35} = {594E5E3E-E08D-3633-82D5-3672D7F07E35}
		{13DB92D2-9633-3E77-97A0-F181B8AFAB9B} = {13DB92D2-9633-3E77-97A0-F181B8AFAB9B}
	EndProjectSection
EndProject
Project("{8BC9CEB8-8B4A-11D0-8D11-00A0C91BC942}") = "INSTALL", "INSTALL.vcxproj", "{11E4DF52-D767-37CA-B295-1A3C3317C5B3}"
	ProjectSection(ProjectDependencies) = postProject
		{D6767E3C-2AB6-3B28-B2ED-EF2D716C5B3C} = {D6767E3C-2AB6-3B28-B2ED-EF2D716C5B3C}
		{9AD853DE-F64A-3CE9-829D-BC02F35DF30A} = {9AD853DE-F64A-3CE9-829D-BC02F35DF30A}
	EndProjectSection
EndProject
Project("{8BC9CEB8-8B4A-11D0-8D11-00A0C91BC942}") = "PACKAGE", "PACKAGE.vcxproj", "{E786BEEF-4595-3897-9B11-C83ADBDD0286}"
	ProjectSection(ProjectDependencies) = postProject
		{D6767E3C-2AB6-3B28-B2ED-EF2D716C5B3C} = {D6767E3C-2AB6-3B28-B2ED-EF2D716C5B3C}
		{9AD853DE-F64A-3CE9-829D-BC02F35DF30A} = {9AD853DE-F64A-3CE9-829D-BC02F35DF30A}
	EndProjectSection
EndProject
Project("{8BC9CEB8-8B4A-11D0-8D11-00A0C91BC942}") = "ZERO_CHECK", "ZERO_CHECK.vcxproj", "{9AD853DE-F64A-3CE9-829D-BC02F35DF30A}"
EndProject
Project("{8BC9CEB8-8B4A-11D0-8D11-00A0C91BC942}") = "dist", "dist.vcxproj", "{D0580B83-34B1-363C-8309-B7C481B79855}"
	ProjectSection(ProjectDependencies) = postProject
		{9AD853DE-F64A-3CE9-829D-BC02F35DF30A} = {9AD853DE-F64A-3CE9-829D-BC02F35DF30A}
	EndProjectSection
EndProject
Project("{8BC9CEB8-8B4A-11D0-8D11-00A0C91BC942}") = "test-client", "test-client.vcxproj", "{890D52F9-D453-3944-B459-6C76C069FB43}"
	ProjectSection(ProjectDependencies) = postProject
		{9AD853DE-F64A-3CE9-829D-BC02F35DF30A} = {9AD853DE-F64A-3CE9-829D-BC02F35DF30A}
		{594E5E3E-E08D-3633-82D5-3672D7F07E35} = {594E5E3E-E08D-3633-82D5-3672D7F07E35}
	EndProjectSection
EndProject
Project("{8BC9CEB8-8B4A-11D0-8D11-00A0C91BC942}") = "test-echo", "test-echo.vcxproj", "{5AB83126-BB4E-311F-B57C-D4C0165E2F4E}"
	ProjectSection(ProjectDependencies) = postProject
		{9AD853DE-F64A-3CE9-829D-BC02F35DF30A} = {9AD853DE-F64A-3CE9-829D-BC02F35DF30A}
		{594E5E3E-E08D-3633-82D5-3672D7F07E35} = {594E5E3E-E08D-3633-82D5-3672D7F07E35}
	EndProjectSection
EndProject
Project("{8BC9CEB8-8B4A-11D0-8D11-00A0C91BC942}") = "test-fraggle", "test-fraggle.vcxproj", "{76A26506-1E35-3E68-80BC-BA14CCBCABA7}"
	ProjectSection(ProjectDependencies) = postProject
		{9AD853DE-F64A-3CE9-829D-BC02F35DF30A} = {9AD853DE-F64A-3CE9-829D-BC02F35DF30A}
		{594E5E3E-E08D-3633-82D5-3672D7F07E35} = {594E5E3E-E08D-3633-82D5-3672D7F07E35}
	EndProjectSection
EndProject
Project("{8BC9CEB8-8B4A-11D0-8D11-00A0C91BC942}") = "test-ping", "test-ping.vcxproj", "{7B563712-A556-383C-A935-6392212FABD6}"
	ProjectSection(ProjectDependencies) = postProject
		{9AD853DE-F64A-3CE9-829D-BC02F35DF30A} = {9AD853DE-F64A-3CE9-829D-BC02F35DF30A}
		{594E5E3E-E08D-3633-82D5-3672D7F07E35} = {594E5E3E-E08D-3633-82D5-3672D7F07E35}
	EndProjectSection
EndProject
Project("{8BC9CEB8-8B4A-11D0-8D11-00A0C91BC942}") = "test-server", "test-server.vcxproj", "{8C297594-556E-3CDA-A6EA-FB6F6CC84A9F}"
	ProjectSection(ProjectDependencies) = postProject
		{9AD853DE-F64A-3CE9-829D-BC02F35DF30A} = {9AD853DE-F64A-3CE9-829D-BC02F35DF30A}
		{594E5E3E-E08D-3633-82D5-3672D7F07E35} = {594E5E3E-E08D-3633-82D5-3672D7F07E35}
	EndProjectSection
EndProject
Project("{8BC9CEB8-8B4A-11D0-8D11-00A0C91BC942}") = "test-server-extpoll", "test-server-extpoll.vcxproj", "{3B2A9896-9398-32A0-B237-694D34DA4055}"
	ProjectSection(ProjectDependencies) = postProject
		{9AD853DE-F64A-3CE9-829D-BC02F35DF30A} = {9AD853DE-F64A-3CE9-829D-BC02F35DF30A}
		{594E5E3E-E08D-3633-82D5-3672D7F07E35} = {594E5E3E-E08D-3633-82D5-3672D7F07E35}
	EndProjectSection
EndProject
Project("{8BC9CEB8-8B4A-11D0-8D11-00A0C91BC942}") = "websockets", "websockets.vcxproj", "{594E5E3E-E08D-3633-82D5-3672D7F07E35}"
	ProjectSection(ProjectDependencies) = postProject
		{9AD853DE-F64A-3CE9-829D-BC02F35DF30A} = {9AD853DE-F64A-3CE9-829D-BC02F35DF30A}
		{13DB92D2-9633-3E77-97A0-F181B8AFAB9B} = {13DB92D2-9633-3E77-97A0-F181B8AFAB9B}
	EndProjectSection
EndProject
Project("{8BC9CEB8-8B4A-11D0-8D11-00A0C91BC942}") = "zlib_internal", "zlib_internal.vcxproj", "{13DB92D2-9633-3E77-97A0-F181B8AFAB9B}"
	ProjectSection(ProjectDependencies) = postProject
		{9AD853DE-F64A-3CE9-829D-BC02F35DF30A} = {9AD853DE-F64A-3CE9-829D-BC02F35DF30A}
	EndProjectSection
EndProject
Global
	GlobalSection(SolutionConfigurationPlatforms) = preSolution
		Debug|Win32 = Debug|Win32
		Release|Win32 = Release|Win32
	EndGlobalSection
	GlobalSection(ProjectConfigurationPlatforms) = postSolution
		{D6767E3C-2AB6-3B28-B2ED-EF2D716C5B3C}.Debug|Win32.ActiveCfg = Debug|Win32
		{D6767E3C-2AB6-3B28-B2ED-EF2D716C5B3C}.Debug|Win32.Build.0 = Debug|Win32
		{D6767E3C-2AB6-3B28-B2ED-EF2D716C5B3C}.Release|Win32.ActiveCfg = Release|Win32
		{D6767E3C-2AB6-3B28-B2ED-EF2D716C5B3C}.Release|Win32.Build.0 = Release|Win32
		{11E4DF52-D767-37CA-B295-1A3C3317C5B3}.Debug|Win32.ActiveCfg = Debug|Win32
		{11E4DF52-D767-37CA-B295-1A3C3317C5B3}.Release|Win32.ActiveCfg = Release|Win32
		{E786BEEF-4595-3897-9B11-C83ADBDD0286}.Debug|Win32.ActiveCfg = Debug|Win32
		{E786BEEF-4595-3897-9B11-C83ADBDD0286}.Release|Win32.ActiveCfg = Release|Win32
		{9AD853DE-F64A-3CE9-829D-BC02F35DF30A}.Debug|Win32.ActiveCfg = Debug|Win32
		{9AD853DE-F64A-3CE9-829D-BC02F35DF30A}.Debug|Win32.Build.0 = Debug|Win32
		{9AD853DE-F64A-3CE9-829D-BC02F35DF30A}.Release|Win32.ActiveCfg = Release|Win32
		{9AD853DE-F64A-3CE9-829D-BC02F35DF30A}.Release|Win32.Build.0 = Release|Win32
		{D0580B83-34B1-363C-8309-B7C481B79855}.Debug|Win32.ActiveCfg = Debug|Win32
		{D0580B83-34B1-363C-8309-B7C481B79855}.Release|Win32.ActiveCfg = Release|Win32
		{890D52F9-D453-3944-B459-6C76C069FB43}.Debug|Win32.ActiveCfg = Debug|Win32
		{890D52F9-D453-3944-B459-6C76C069FB43}.Debug|Win32.Build.0 = Debug|Win32
		{890D52F9-D453-3944-B459-6C76C069FB43}.Release|Win32.ActiveCfg = Release|Win32
		{890D52F9-D453-3944-B459-6C76C069FB43}.Release|Win32.Build.0 = Release|Win32
		{5AB83126-BB4E-311F-B57C-D4C0165E2F4E}.Debug|Win32.ActiveCfg = Debug|Win32
		{5AB83126-BB4E-311F-B57C-D4C0165E2F4E}.Debug|Win32.Build.0 = Debug|Win32
		{5AB83126-BB4E-311F-B57C-D4C0165E2F4E}.Release|Win32.ActiveCfg = Release|Win32
		{5AB83126-BB4E-311F-B57C-D4C0165E2F4E}.Release|Win32.Build.0 = Release|Win32
		{76A26506-1E35-3E68-80BC-BA14CCBCABA7}.Debug|Win32.ActiveCfg = Debug|Win32
		{76A26506-1E35-3E68-80BC-BA14CCBCABA7}.Debug|Win32.Build.0 = Debug|Win32
		{76A26506-1E35-3E68-80BC-BA14CCBCABA7}.Release|Win32.ActiveCfg = Release|Win32
		{76A26506-1E35-3E68-80BC-BA14CCBCABA7}.Release|Win32.Build.0 = Release|Win32
		{7B563712-A556-383C-A935-6392212FABD6}.Debug|Win32.ActiveCfg = Debug|Win32
		{7B563712-A556-383C-A935-6392212FABD6}.Debug|Win32.Build.0 = Debug|Win32
		{7B563712-A556-383C-A935-6392212FABD6}.Release|Win32.ActiveCfg = Release|Win32
		{7B563712-A556-383C-A935-6392212FABD6}.Release|Win32.Build.0 = Release|Win32
		{8C297594-556E-3CDA-A6EA-FB6F6CC84A9F}.Debug|Win32.ActiveCfg = Debug|Win32
		{8C297594-556E-3CDA-A6EA-FB6F6CC84A9F}.Debug|Win32.Build.0 = Debug|Win32
		{8C297594-556E-3CDA-A6EA-FB6F6CC84A9F}.Release|Win32.ActiveCfg = Release|Win32
		{8C297594-556E-3CDA-A6EA-FB6F6CC84A9F}.Release|Win32.Build.0 = Release|Win32
		{3B2A9896-9398-32A0-B237-694D34DA4055}.Debug|Win32.ActiveCfg = Debug|Win32
		{3B2A9896-9398-32A0-B237-694D34DA4055}.Debug|Win32.Build.0 = Debug|Win32
		{3B2A9896-9398-32A0-B237-694D34DA4055}.Release|Win32.ActiveCfg = Release|Win32
		{3B2A9896-9398-32A0-B237-694D34DA4055}.Release|Win32.Build.0 = Release|Win32
		{594E5E3E-E08D-3633-82D5-3672D7F07E35}.Debug|Win32.ActiveCfg = Debug|Win32
		{594E5E3E-E08D-3633-82D5-3672D7F07E35}.Debug|Win32.Build.0 = Debug|Win32
		{594E5E3E-E08D-3633-82D5-3672D7F07E35}.Release|Win32.ActiveCfg = Release|Win32
		{594E5E3E-E08D-3633-82D5-3672D7F07E35}.Release|Win32.Build.0 = Release|Win32
		{13DB92D2-9633-3E77-97A0-F181B8AFAB9B}.Debug|Win32.ActiveCfg = Debug|Win32
		{13DB92D2-9633-3E77-97A0-F181B8AFAB9B}.Debug|Win32.Build.0 = Debug|Win32
		{13DB92D2-9633-3E77-97A0-F181B8AFAB9B}.Release|Win32.ActiveCfg = Release|Win32
		{13DB92D2-9633-3E77-97A0-F181B8AFAB9B}.Release|Win32.Build.0 = Release|Win32
	EndGlobalSection
	GlobalSection(SolutionProperties) = preSolution
		HideSolutionNode = FALSE
	EndGlobalSection
EndGlobal
